{
    "_readme": [
        "This file locks the dependencies of your project to a known state",
        "Read more about it at https://getcomposer.org/doc/01-basic-usage.md#installing-dependencies",
        "This file is @generated automatically"
    ],
    "content-hash": "3cb3ce5e99234699f629345dc2a9dd3b",
    "packages": [],
    "packages-dev": [
        {
            "name": "tareq1988/wp-php-cs-fixer",
            "version": "1.0.0",
            "source": {
                "type": "git",
                "url": "https://github.com/tareq1988/wp-php-cs-fixer.git",
                "reference": "eeef65598ae7bac55a09073e666ec0eabf303a12"
            },
            "dist": {
                "type": "zip",
                "url": "https://api.github.com/repos/tareq1988/wp-php-cs-fixer/zipball/eeef65598ae7bac55a09073e666ec0eabf303a12",
                "reference": "eeef65598ae7bac55a09073e666ec0eabf303a12",
                "shasum": ""
            },
            "type": "library",
            "autoload": {
                "psr-4": {
                    "WeDevs\\Fixer\\": "src"
                }
            },
            "notification-url": "https://packagist.org/downloads/",
            "license": [
                "MIT"
            ],
            "authors": [
                {
                    "name": "Tareq Hasan",
                    "email": "tareq@wedevs.com"
                }
            ],
            "description": "WordPress rules for php-cs-fixer",
            "support": {
                "issues": "https://github.com/tareq1988/wp-php-cs-fixer/issues",
                "source": "https://github.com/tareq1988/wp-php-cs-fixer/tree/1.0.0"
            },
            "time": "2022-08-26T09:36:52+00:00"
        }
    ],
    "aliases": [],
    "minimum-stability": "stable",
    "stability-flags": [],
    "prefer-stable": false,
    "prefer-lowest": false,
    "platform": [],
    "platform-dev": [],
    "plugin-api-version": "2.6.0"
}
